
Microsoft Visual Studio Solution File, Format Version 12.00
# Visual Studio 15
VisualStudioVersion = 15.0.27004.2006
MinimumVisualStudioVersion = 10.0.40219.1
Project("{9A19103F-16F7-4668-BE54-9A1E7A4F7556}") = "Forum.App", "Forum.App.csproj", "{C71EBA03-1202-42B7-9F9D-B12C523B0D00}"
EndProject
Project("{9A19103F-16F7-4668-BE54-9A1E7A4F7556}") = "Forum.Models", "..\Forum.Models\Forum.Models.csproj", "{0EE40726-F59B-4EF8-9859-41293AC40366}"
EndProject
Project("{FAE04EC0-301F-11D3-BF4B-00C04F79EFBC}") = "Forum.Data", "..\Forum.Data\Forum.Data.csproj", "{083D1EEE-3D47-4A74-A1D2-21926E8F9D3A}"
EndProject
Global
	GlobalSection(SolutionConfigurationPlatforms) = preSolution
		Debug|Any CPU = Debug|Any CPU
		Release|Any CPU = Release|Any CPU
	EndGlobalSection
	GlobalSection(ProjectConfigurationPlatforms) = postSolution
		{C71EBA03-1202-42B7-9F9D-B12C523B0D00}.Debug|Any CPU.ActiveCfg = Debug|Any CPU
		{C71EBA03-1202-42B7-9F9D-B12C523B0D00}.Debug|Any CPU.Build.0 = Debug|Any CPU
		{C71EBA03-1202-42B7-9F9D-B12C523B0D00}.Release|Any CPU.ActiveCfg = Release|Any CPU
		{C71EBA03-1202-42B7-9F9D-B12C523B0D00}.Release|Any CPU.Build.0 = Release|Any CPU
		{0EE40726-F59B-4EF8-9859-41293AC40366}.Debug|Any CPU.ActiveCfg = Debug|Any CPU
		{0EE40726-F59B-4EF8-9859-41293AC40366}.Debug|Any CPU.Build.0 = Debug|Any CPU
		{0EE40726-F59B-4EF8-9859-41293AC40366}.Release|Any CPU.ActiveCfg = Release|Any CPU
		{0EE40726-F59B-4EF8-9859-41293AC40366}.Release|Any CPU.Build.0 = Release|Any CPU
		{083D1EEE-3D47-4A74-A1D2-21926E8F9D3A}.Debug|Any CPU.ActiveCfg = Debug|Any CPU
		{083D1EEE-3D47-4A74-A1D2-21926E8F9D3A}.Debug|Any CPU.Build.0 = Debug|Any CPU
		{083D1EEE-3D47-4A74-A1D2-21926E8F9D3A}.Release|Any CPU.ActiveCfg = Release|Any CPU
		{083D1EEE-3D47-4A74-A1D2-21926E8F9D3A}.Release|Any CPU.Build.0 = Release|Any CPU
	EndGlobalSection
	GlobalSection(SolutionProperties) = preSolution
		HideSolutionNode = FALSE
	EndGlobalSection
	GlobalSection(ExtensibilityGlobals) = postSolution
		SolutionGuid = {376B216D-0518-4DFD-97F8-073B9DD8DA3C}
	EndGlobalSection
EndGlobal
